{
  "name": "package-test-test",
  "version": "0.0.2",
  "lockfileVersion": 1,
  "requires": true,
  "dependencies": {
    "package-deploy-test": {
      "version": "0.0.2-develop.2",
      "resolved": "https://registry.npmjs.org/package-deploy-test/-/package-deploy-test-0.0.2-develop.2.tgz",
      "integrity": "sha512-SHALwxYrFxwcRrEN0SbsAgaWcuzteUT9ltXIddfDcjXLAIrveCbYygqFkPBjR7a97B/Ad5GmX6EpmUvF8tCxcQ=="
    }
  }
}
